
Microsoft Visual Studio Solution File, Format Version 12.00
# Visual Studio 15
VisualStudioVersion = 15.0.28307.1169
MinimumVisualStudioVersion = 10.0.40219.1
Project("{FAE04EC0-301F-11D3-BF4B-00C04F79EFBC}") = "MVCGitDemo", "MVCGitDemo\MVCGitDemo.csproj", "{8F12A5E9-B449-4E9F-BFFB-71E782FD00D2}"
EndProject
Global
	GlobalSection(SolutionConfigurationPlatforms) = preSolution
		Debug|Any CPU = Debug|Any CPU
		Release|Any CPU = Release|Any CPU
	EndGlobalSection
	GlobalSection(ProjectConfigurationPlatforms) = postSolution
		{8F12A5E9-B449-4E9F-BFFB-71E782FD00D2}.Debug|Any CPU.ActiveCfg = Debug|Any CPU
		{8F12A5E9-B449-4E9F-BFFB-71E782FD00D2}.Debug|Any CPU.Build.0 = Debug|Any CPU
		{8F12A5E9-B449-4E9F-BFFB-71E782FD00D2}.Release|Any CPU.ActiveCfg = Release|Any CPU
		{8F12A5E9-B449-4E9F-BFFB-71E782FD00D2}.Release|Any CPU.Build.0 = Release|Any CPU
	EndGlobalSection
	GlobalSection(SolutionProperties) = preSolution
		HideSolutionNode = FALSE
	EndGlobalSection
	GlobalSection(ExtensibilityGlobals) = postSolution
		SolutionGuid = {FB1AA5AB-89EC-4FCF-B9BD-81843EE09A4A}
	EndGlobalSection
EndGlobal
